Microsoft Visual Studio Solution File, Format Version 12.00
# Visual Studio 14
VisualStudioVersion = 14.0.25420.1
MinimumVisualStudioVersion = 10.0.40219.1
Project("{FAE04EC0-301F-11D3-BF4B-00C04F79EFBC}") = "MyStrategy", "MyStrategy\MyStrategy.csproj", "{FFD5734F-1D76-47A1-852F-E11F3DFA628F}"
EndProject
Project("{FAE04EC0-301F-11D3-BF4B-00C04F79EFBC}") = "SpreadSellSide", "SpreadSellSide\SpreadSellSide.csproj", "{F56E89F9-ADA5-4234-A2EF-F418B1948274}"
EndProject
Project("{FAE04EC0-301F-11D3-BF4B-00C04F79EFBC}") = "Backtest", "Backtest\Backtest.csproj", "{09588761-EFD5-4045-B8CF-ACA11D2B4087}"
EndProject
Project("{FAE04EC0-301F-11D3-BF4B-00C04F79EFBC}") = "Realtime", "Realtime\Realtime.csproj", "{D4D098F9-BA11-4373-9507-447FC09E40E3}"
EndProject
Project("{FAE04EC0-301F-11D3-BF4B-00C04F79EFBC}") = "Optimization", "Optimization\Optimization.csproj", "{9B7A5DCC-AB6A-4E75-B7CC-713915AC9600}"
EndProject
Global
	GlobalSection(SolutionConfigurationPlatforms) = preSolution
		Debug|Any CPU = Debug|Any CPU
		Debug|x64 = Debug|x64
		Debug|x86 = Debug|x86
		Release|Any CPU = Release|Any CPU
		Release|x64 = Release|x64
		Release|x86 = Release|x86
	EndGlobalSection
	GlobalSection(ProjectConfigurationPlatforms) = postSolution
		{FFD5734F-1D76-47A1-852F-E11F3DFA628F}.Debug|Any CPU.ActiveCfg = Debug|Any CPU
		{FFD5734F-1D76-47A1-852F-E11F3DFA628F}.Debug|Any CPU.Build.0 = Debug|Any CPU
		{FFD5734F-1D76-47A1-852F-E11F3DFA628F}.Debug|x64.ActiveCfg = Debug|x64
		{FFD5734F-1D76-47A1-852F-E11F3DFA628F}.Debug|x64.Build.0 = Debug|x64
		{FFD5734F-1D76-47A1-852F-E11F3DFA628F}.Debug|x86.ActiveCfg = Debug|x86
		{FFD5734F-1D76-47A1-852F-E11F3DFA628F}.Debug|x86.Build.0 = Debug|x86
		{FFD5734F-1D76-47A1-852F-E11F3DFA628F}.Release|Any CPU.ActiveCfg = Release|Any CPU
		{FFD5734F-1D76-47A1-852F-E11F3DFA628F}.Release|Any CPU.Build.0 = Release|Any CPU
		{FFD5734F-1D76-47A1-852F-E11F3DFA628F}.Release|x64.ActiveCfg = Release|x64
		{FFD5734F-1D76-47A1-852F-E11F3DFA628F}.Release|x64.Build.0 = Release|x64
		{FFD5734F-1D76-47A1-852F-E11F3DFA628F}.Release|x86.ActiveCfg = Release|x86
		{FFD5734F-1D76-47A1-852F-E11F3DFA628F}.Release|x86.Build.0 = Release|x86
		{F56E89F9-ADA5-4234-A2EF-F418B1948274}.Debug|Any CPU.ActiveCfg = Debug|Any CPU
		{F56E89F9-ADA5-4234-A2EF-F418B1948274}.Debug|Any CPU.Build.0 = Debug|Any CPU
		{F56E89F9-ADA5-4234-A2EF-F418B1948274}.Debug|x64.ActiveCfg = Debug|Any CPU
		{F56E89F9-ADA5-4234-A2EF-F418B1948274}.Debug|x64.Build.0 = Debug|Any CPU
		{F56E89F9-ADA5-4234-A2EF-F418B1948274}.Debug|x86.ActiveCfg = Debug|Any CPU
		{F56E89F9-ADA5-4234-A2EF-F418B1948274}.Debug|x86.Build.0 = Debug|Any CPU
		{F56E89F9-ADA5-4234-A2EF-F418B1948274}.Release|Any CPU.ActiveCfg = Release|Any CPU
		{F56E89F9-ADA5-4234-A2EF-F418B1948274}.Release|Any CPU.Build.0 = Release|Any CPU
		{F56E89F9-ADA5-4234-A2EF-F418B1948274}.Release|x64.ActiveCfg = Release|Any CPU
		{F56E89F9-ADA5-4234-A2EF-F418B1948274}.Release|x64.Build.0 = Release|Any CPU
		{F56E89F9-ADA5-4234-A2EF-F418B1948274}.Release|x86.ActiveCfg = Release|Any CPU
		{F56E89F9-ADA5-4234-A2EF-F418B1948274}.Release|x86.Build.0 = Release|Any CPU
		{09588761-EFD5-4045-B8CF-ACA11D2B4087}.Debug|Any CPU.ActiveCfg = Debug|Any CPU
		{09588761-EFD5-4045-B8CF-ACA11D2B4087}.Debug|Any CPU.Build.0 = Debug|Any CPU
		{09588761-EFD5-4045-B8CF-ACA11D2B4087}.Debug|x64.ActiveCfg = Debug|Any CPU
		{09588761-EFD5-4045-B8CF-ACA11D2B4087}.Debug|x64.Build.0 = Debug|Any CPU
		{09588761-EFD5-4045-B8CF-ACA11D2B4087}.Debug|x86.ActiveCfg = Debug|Any CPU
		{09588761-EFD5-4045-B8CF-ACA11D2B4087}.Debug|x86.Build.0 = Debug|Any CPU
		{09588761-EFD5-4045-B8CF-ACA11D2B4087}.Release|Any CPU.ActiveCfg = Release|Any CPU
		{09588761-EFD5-4045-B8CF-ACA11D2B4087}.Release|Any CPU.Build.0 = Release|Any CPU
		{09588761-EFD5-4045-B8CF-ACA11D2B4087}.Release|x64.ActiveCfg = Release|Any CPU
		{09588761-EFD5-4045-B8CF-ACA11D2B4087}.Release|x64.Build.0 = Release|Any CPU
		{09588761-EFD5-4045-B8CF-ACA11D2B4087}.Release|x86.ActiveCfg = Release|Any CPU
		{09588761-EFD5-4045-B8CF-ACA11D2B4087}.Release|x86.Build.0 = Release|Any CPU
		{D4D098F9-BA11-4373-9507-447FC09E40E3}.Debug|Any CPU.ActiveCfg = Debug|Any CPU
		{D4D098F9-BA11-4373-9507-447FC09E40E3}.Debug|Any CPU.Build.0 = Debug|Any CPU
		{D4D098F9-BA11-4373-9507-447FC09E40E3}.Debug|x64.ActiveCfg = Debug|Any CPU
		{D4D098F9-BA11-4373-9507-447FC09E40E3}.Debug|x64.Build.0 = Debug|Any CPU
		{D4D098F9-BA11-4373-9507-447FC09E40E3}.Debug|x86.ActiveCfg = Debug|Any CPU
		{D4D098F9-BA11-4373-9507-447FC09E40E3}.Debug|x86.Build.0 = Debug|Any CPU
		{D4D098F9-BA11-4373-9507-447FC09E40E3}.Release|Any CPU.ActiveCfg = Release|Any CPU
		{D4D098F9-BA11-4373-9507-447FC09E40E3}.Release|Any CPU.Build.0 = Release|Any CPU
		{D4D098F9-BA11-4373-9507-447FC09E40E3}.Release|x64.ActiveCfg = Release|Any CPU
		{D4D098F9-BA11-4373-9507-447FC09E40E3}.Release|x64.Build.0 = Release|Any CPU
		{D4D098F9-BA11-4373-9507-447FC09E40E3}.Release|x86.ActiveCfg = Release|Any CPU
		{D4D098F9-BA11-4373-9507-447FC09E40E3}.Release|x86.Build.0 = Release|Any CPU
		{9B7A5DCC-AB6A-4E75-B7CC-713915AC9600}.Debug|Any CPU.ActiveCfg = Debug|Any CPU
		{9B7A5DCC-AB6A-4E75-B7CC-713915AC9600}.Debug|Any CPU.Build.0 = Debug|Any CPU
		{9B7A5DCC-AB6A-4E75-B7CC-713915AC9600}.Debug|x64.ActiveCfg = Debug|Any CPU
		{9B7A5DCC-AB6A-4E75-B7CC-713915AC9600}.Debug|x64.Build.0 = Debug|Any CPU
		{9B7A5DCC-AB6A-4E75-B7CC-713915AC9600}.Debug|x86.ActiveCfg = Debug|Any CPU
		{9B7A5DCC-AB6A-4E75-B7CC-713915AC9600}.Debug|x86.Build.0 = Debug|Any CPU
		{9B7A5DCC-AB6A-4E75-B7CC-713915AC9600}.Release|Any CPU.ActiveCfg = Release|Any CPU
		{9B7A5DCC-AB6A-4E75-B7CC-713915AC9600}.Release|Any CPU.Build.0 = Release|Any CPU
		{9B7A5DCC-AB6A-4E75-B7CC-713915AC9600}.Release|x64.ActiveCfg = Release|Any CPU
		{9B7A5DCC-AB6A-4E75-B7CC-713915AC9600}.Release|x64.Build.0 = Release|Any CPU
		{9B7A5DCC-AB6A-4E75-B7CC-713915AC9600}.Release|x86.ActiveCfg = Release|Any CPU
		{9B7A5DCC-AB6A-4E75-B7CC-713915AC9600}.Release|x86.Build.0 = Release|Any CPU
	EndGlobalSection
	GlobalSection(SolutionProperties) = preSolution
		HideSolutionNode = FALSE
	EndGlobalSection
EndGlobal
